{
  "nodes": {
    "home-manager": {
      "inputs": {
        "nixpkgs": [
          "nixpkgs"
        ]
      },
      "locked": {
        "lastModified": 1757808926,
        "narHash": "sha256-K6PEI5PYY94TVMH0mX3MbZNYFme7oNRKml/85BpRRAo=",
        "owner": "nix-community",
        "repo": "home-manager",
        "rev": "f21d9167782c086a33ad53e2311854a8f13c281e",
        "type": "github"
      },
      "original": {
        "owner": "nix-community",
        "ref": "release-25.05",
        "repo": "home-manager",
        "type": "github"
      }
    },
    "nixpkgs": {
      "locked": {
        "lastModified": 1754689972,
        "narHash": "sha256-eogqv6FqZXHgqrbZzHnq43GalnRbLTkbBbFtEfm1RSc=",
        "owner": "NixOS",
        "repo": "nixpkgs",
        "rev": "fc756aa6f5d3e2e5666efcf865d190701fef150a",
        "type": "github"
      },
      "original": {
        "owner": "NixOS",
        "repo": "nixpkgs",
        "rev": "fc756aa6f5d3e2e5666efcf865d190701fef150a",
        "type": "github"
      }
    },
    "nixpkgs-darwin": {
      "locked": {
        "lastModified": 1754626440,
        "narHash": "sha256-bk3tgX2ej/qYe8WI/oFUsYuS7ReZORImFUIcOmL2B6Q=",
        "owner": "NixOS",
        "repo": "nixpkgs",
        "rev": "5c8ff8d6a76ae12f399ce646dba7aea9f0c8e6c4",
        "type": "github"
      },
      "original": {
        "owner": "NixOS",
        "repo": "nixpkgs",
        "rev": "5c8ff8d6a76ae12f399ce646dba7aea9f0c8e6c4",
        "type": "github"
      }
    },
    "nixpkgs-unstable": {
      "locked": {
        "lastModified": 1756386758,
        "narHash": "sha256-1wxxznpW2CKvI9VdniaUnTT2Os6rdRJcRUf65ZK9OtE=",
        "owner": "NixOS",
        "repo": "nixpkgs",
        "rev": "dfb2f12e899db4876308eba6d93455ab7da304cd",
        "type": "github"
      },
      "original": {
        "owner": "NixOS",
        "repo": "nixpkgs",
        "rev": "dfb2f12e899db4876308eba6d93455ab7da304cd",
        "type": "github"
      }
    },
    "root": {
      "inputs": {
        "home-manager": "home-manager",
        "nixpkgs": "nixpkgs",
        "nixpkgs-darwin": "nixpkgs-darwin",
        "nixpkgs-unstable": "nixpkgs-unstable"
      }
    }
  },
  "root": "root",
  "version": 7
}
