{
  "nodes": {
    "home-manager": {
      "inputs": {
        "nixpkgs": [
          "nixpkgs"
        ]
      },
      "locked": {
        "lastModified": 1706981411,
        "narHash": "sha256-cLbLPTL1CDmETVh4p0nQtvoF+FSEjsnJTFpTxhXywhQ=",
        "owner": "nix-community",
        "repo": "home-manager",
        "rev": "652fda4ca6dafeb090943422c34ae9145787af37",
        "type": "github"
      },
      "original": {
        "owner": "nix-community",
        "ref": "release-23.11",
        "repo": "home-manager",
        "type": "github"
      }
    },
    "nixpkgs": {
      "locked": {
        "lastModified": 1681358109,
        "narHash": "sha256-eKyxW4OohHQx9Urxi7TQlFBTDWII+F+x2hklDOQPB50=",
        "owner": "NixOS",
        "repo": "nixpkgs",
        "rev": "96ba1c52e54e74c3197f4d43026b3f3d92e83ff9",
        "type": "github"
      },
      "original": {
        "owner": "NixOS",
        "ref": "nixpkgs-unstable",
        "repo": "nixpkgs",
        "type": "github"
      }
    },
    "root": {
      "inputs": {
        "home-manager": "home-manager",
        "nixpkgs": "nixpkgs"
      }
    }
  },
  "root": "root",
  "version": 7
}
